
Microsoft Visual Studio Solution File, Format Version 12.00
# Visual Studio 15
VisualStudioVersion = 15.0.28306.52
MinimumVisualStudioVersion = 10.0.40219.1
Project("{FAE04EC0-301F-11D3-BF4B-00C04F79EFBC}") = "BlazorPractise.Server", "BlazorPractise.Server\BlazorPractise.Server.csproj", "{126FDC2C-0832-486D-A5F8-01A3D800D092}"
EndProject
Project("{FAE04EC0-301F-11D3-BF4B-00C04F79EFBC}") = "BlazorPractise.Client", "BlazorPractise.Client\BlazorPractise.Client.csproj", "{F8A8F6FB-983D-43EA-B549-37F3B9D6FABD}"
EndProject
Project("{FAE04EC0-301F-11D3-BF4B-00C04F79EFBC}") = "BlazorPractise.Shared", "BlazorPractise.Shared\BlazorPractise.Shared.csproj", "{D4AC8A9F-54A8-4177-B336-E45F33AA16D3}"
EndProject
Global
	GlobalSection(SolutionConfigurationPlatforms) = preSolution
		Debug|Any CPU = Debug|Any CPU
		Release|Any CPU = Release|Any CPU
	EndGlobalSection
	GlobalSection(ProjectConfigurationPlatforms) = postSolution
		{126FDC2C-0832-486D-A5F8-01A3D800D092}.Debug|Any CPU.ActiveCfg = Debug|Any CPU
		{126FDC2C-0832-486D-A5F8-01A3D800D092}.Debug|Any CPU.Build.0 = Debug|Any CPU
		{126FDC2C-0832-486D-A5F8-01A3D800D092}.Release|Any CPU.ActiveCfg = Release|Any CPU
		{126FDC2C-0832-486D-A5F8-01A3D800D092}.Release|Any CPU.Build.0 = Release|Any CPU
		{F8A8F6FB-983D-43EA-B549-37F3B9D6FABD}.Debug|Any CPU.ActiveCfg = Debug|Any CPU
		{F8A8F6FB-983D-43EA-B549-37F3B9D6FABD}.Debug|Any CPU.Build.0 = Debug|Any CPU
		{F8A8F6FB-983D-43EA-B549-37F3B9D6FABD}.Release|Any CPU.ActiveCfg = Release|Any CPU
		{F8A8F6FB-983D-43EA-B549-37F3B9D6FABD}.Release|Any CPU.Build.0 = Release|Any CPU
		{D4AC8A9F-54A8-4177-B336-E45F33AA16D3}.Debug|Any CPU.ActiveCfg = Debug|Any CPU
		{D4AC8A9F-54A8-4177-B336-E45F33AA16D3}.Debug|Any CPU.Build.0 = Debug|Any CPU
		{D4AC8A9F-54A8-4177-B336-E45F33AA16D3}.Release|Any CPU.ActiveCfg = Release|Any CPU
		{D4AC8A9F-54A8-4177-B336-E45F33AA16D3}.Release|Any CPU.Build.0 = Release|Any CPU
	EndGlobalSection
	GlobalSection(SolutionProperties) = preSolution
		HideSolutionNode = FALSE
	EndGlobalSection
	GlobalSection(ExtensibilityGlobals) = postSolution
		SolutionGuid = {417A9FA2-650B-44F0-9F81-677171BFD85E}
	EndGlobalSection
EndGlobal
